
Microsoft Visual Studio Solution File, Format Version 12.00
# Visual Studio 15
VisualStudioVersion = 15.0.28307.902
MinimumVisualStudioVersion = 10.0.40219.1
Project("{FAE04EC0-301F-11D3-BF4B-00C04F79EFBC}") = "Circus train", "Circus train\Circus train.csproj", "{32D8C3CF-AC97-4E9F-AC45-BCA7AA6CCC04}"
EndProject
Project("{FAE04EC0-301F-11D3-BF4B-00C04F79EFBC}") = "UnitTesting", "UnitTesting\UnitTesting.csproj", "{F06D2167-F5E4-47C9-AF20-6318DE80A037}"
EndProject
Global
	GlobalSection(SolutionConfigurationPlatforms) = preSolution
		Debug|Any CPU = Debug|Any CPU
		Release|Any CPU = Release|Any CPU
	EndGlobalSection
	GlobalSection(ProjectConfigurationPlatforms) = postSolution
		{32D8C3CF-AC97-4E9F-AC45-BCA7AA6CCC04}.Debug|Any CPU.ActiveCfg = Debug|Any CPU
		{32D8C3CF-AC97-4E9F-AC45-BCA7AA6CCC04}.Debug|Any CPU.Build.0 = Debug|Any CPU
		{32D8C3CF-AC97-4E9F-AC45-BCA7AA6CCC04}.Release|Any CPU.ActiveCfg = Release|Any CPU
		{32D8C3CF-AC97-4E9F-AC45-BCA7AA6CCC04}.Release|Any CPU.Build.0 = Release|Any CPU
		{F06D2167-F5E4-47C9-AF20-6318DE80A037}.Debug|Any CPU.ActiveCfg = Debug|Any CPU
		{F06D2167-F5E4-47C9-AF20-6318DE80A037}.Debug|Any CPU.Build.0 = Debug|Any CPU
		{F06D2167-F5E4-47C9-AF20-6318DE80A037}.Release|Any CPU.ActiveCfg = Release|Any CPU
		{F06D2167-F5E4-47C9-AF20-6318DE80A037}.Release|Any CPU.Build.0 = Release|Any CPU
	EndGlobalSection
	GlobalSection(SolutionProperties) = preSolution
		HideSolutionNode = FALSE
	EndGlobalSection
	GlobalSection(ExtensibilityGlobals) = postSolution
		SolutionGuid = {3D891D22-18BC-4C61-9262-B6BB4D7F4647}
	EndGlobalSection
EndGlobal
